
Microsoft Visual Studio Solution File, Format Version 12.00
# Visual Studio Version 17
VisualStudioVersion = 17.0.31903.59
MinimumVisualStudioVersion = 10.0.40219.1
Project("{FAE04EC0-301F-11D3-BF4B-00C04F79EFBC}") = "_2_klasy", "_2_klasy\_2_klasy.csproj", "{87728EF7-261F-4B7C-8968-073606CB04EC}"
EndProject
Project("{FAE04EC0-301F-11D3-BF4B-00C04F79EFBC}") = "_3_dziedziczenie", "_3_dziedziczenie\_3_dziedziczenie.csproj", "{2B3A4104-4067-4CB9-87DD-03C377904594}"
EndProject
Project("{FAE04EC0-301F-11D3-BF4B-00C04F79EFBC}") = "_4_klasyabstrakcji", "_4_klasyabstrakcji\_4_klasyabstrakcji.csproj", "{CACFF753-70AB-4E40-8208-3015F9A47F09}"
EndProject
Project("{FAE04EC0-301F-11D3-BF4B-00C04F79EFBC}") = "_5_interfejsy", "_5_interfejsy\_5_interfejsy.csproj", "{A3B3A221-1B69-4A6E-8A47-A5BE0DF7A70E}"
EndProject
Project("{FAE04EC0-301F-11D3-BF4B-00C04F79EFBC}") = "zadanie_interface", "zadanie_interface\zadanie_interface.csproj", "{0AE9B3E1-AC71-4C9E-9A02-DECD95163C6A}"
EndProject
Project("{FAE04EC0-301F-11D3-BF4B-00C04F79EFBC}") = "_6_", "_6_\_6_.csproj", "{80BA1B31-64CB-4A46-8908-18FCBB2501E4}"
EndProject
Project("{FAE04EC0-301F-11D3-BF4B-00C04F79EFBC}") = "_7_", "_7_\_7_.csproj", "{97CA90F2-45A4-48F0-9361-4FC5BADF6FA3}"
EndProject
Global
	GlobalSection(SolutionConfigurationPlatforms) = preSolution
		Debug|Any CPU = Debug|Any CPU
		Release|Any CPU = Release|Any CPU
	EndGlobalSection
	GlobalSection(SolutionProperties) = preSolution
		HideSolutionNode = FALSE
	EndGlobalSection
	GlobalSection(ProjectConfigurationPlatforms) = postSolution
		{87728EF7-261F-4B7C-8968-073606CB04EC}.Debug|Any CPU.ActiveCfg = Debug|Any CPU
		{87728EF7-261F-4B7C-8968-073606CB04EC}.Debug|Any CPU.Build.0 = Debug|Any CPU
		{87728EF7-261F-4B7C-8968-073606CB04EC}.Release|Any CPU.ActiveCfg = Release|Any CPU
		{87728EF7-261F-4B7C-8968-073606CB04EC}.Release|Any CPU.Build.0 = Release|Any CPU
		{2B3A4104-4067-4CB9-87DD-03C377904594}.Debug|Any CPU.ActiveCfg = Debug|Any CPU
		{2B3A4104-4067-4CB9-87DD-03C377904594}.Debug|Any CPU.Build.0 = Debug|Any CPU
		{2B3A4104-4067-4CB9-87DD-03C377904594}.Release|Any CPU.ActiveCfg = Release|Any CPU
		{2B3A4104-4067-4CB9-87DD-03C377904594}.Release|Any CPU.Build.0 = Release|Any CPU
		{CACFF753-70AB-4E40-8208-3015F9A47F09}.Debug|Any CPU.ActiveCfg = Debug|Any CPU
		{CACFF753-70AB-4E40-8208-3015F9A47F09}.Debug|Any CPU.Build.0 = Debug|Any CPU
		{CACFF753-70AB-4E40-8208-3015F9A47F09}.Release|Any CPU.ActiveCfg = Release|Any CPU
		{CACFF753-70AB-4E40-8208-3015F9A47F09}.Release|Any CPU.Build.0 = Release|Any CPU
		{A3B3A221-1B69-4A6E-8A47-A5BE0DF7A70E}.Debug|Any CPU.ActiveCfg = Debug|Any CPU
		{A3B3A221-1B69-4A6E-8A47-A5BE0DF7A70E}.Debug|Any CPU.Build.0 = Debug|Any CPU
		{A3B3A221-1B69-4A6E-8A47-A5BE0DF7A70E}.Release|Any CPU.ActiveCfg = Release|Any CPU
		{A3B3A221-1B69-4A6E-8A47-A5BE0DF7A70E}.Release|Any CPU.Build.0 = Release|Any CPU
		{0AE9B3E1-AC71-4C9E-9A02-DECD95163C6A}.Debug|Any CPU.ActiveCfg = Debug|Any CPU
		{0AE9B3E1-AC71-4C9E-9A02-DECD95163C6A}.Debug|Any CPU.Build.0 = Debug|Any CPU
		{0AE9B3E1-AC71-4C9E-9A02-DECD95163C6A}.Release|Any CPU.ActiveCfg = Release|Any CPU
		{0AE9B3E1-AC71-4C9E-9A02-DECD95163C6A}.Release|Any CPU.Build.0 = Release|Any CPU
		{80BA1B31-64CB-4A46-8908-18FCBB2501E4}.Debug|Any CPU.ActiveCfg = Debug|Any CPU
		{80BA1B31-64CB-4A46-8908-18FCBB2501E4}.Debug|Any CPU.Build.0 = Debug|Any CPU
		{80BA1B31-64CB-4A46-8908-18FCBB2501E4}.Release|Any CPU.ActiveCfg = Release|Any CPU
		{80BA1B31-64CB-4A46-8908-18FCBB2501E4}.Release|Any CPU.Build.0 = Release|Any CPU
		{97CA90F2-45A4-48F0-9361-4FC5BADF6FA3}.Debug|Any CPU.ActiveCfg = Debug|Any CPU
		{97CA90F2-45A4-48F0-9361-4FC5BADF6FA3}.Debug|Any CPU.Build.0 = Debug|Any CPU
		{97CA90F2-45A4-48F0-9361-4FC5BADF6FA3}.Release|Any CPU.ActiveCfg = Release|Any CPU
		{97CA90F2-45A4-48F0-9361-4FC5BADF6FA3}.Release|Any CPU.Build.0 = Release|Any CPU
	EndGlobalSection
EndGlobal
